Microsoft Visual Studio Solution File, Format Version 12.00
# Visual Studio Version 17
VisualStudioVersion = 17.5.2.0
MinimumVisualStudioVersion = 10.0.40219.1
Project("{FAE04EC0-301F-11D3-BF4B-00C04F79EFBC}") = "CiCdAzureSqlDbSchemaManager", "CiCdAzureSqlDbSchemaManager.csproj", "{2D8AEA05-37B2-3ED4-09BE-26A0B1FF4C5A}"
EndProject
Global
	GlobalSection(SolutionConfigurationPlatforms) = preSolution
		Debug|Any CPU = Debug|Any CPU
		Release|Any CPU = Release|Any CPU
	EndGlobalSection
	GlobalSection(ProjectConfigurationPlatforms) = postSolution
		{2D8AEA05-37B2-3ED4-09BE-26A0B1FF4C5A}.Debug|Any CPU.ActiveCfg = Debug|Any CPU
		{2D8AEA05-37B2-3ED4-09BE-26A0B1FF4C5A}.Debug|Any CPU.Build.0 = Debug|Any CPU
		{2D8AEA05-37B2-3ED4-09BE-26A0B1FF4C5A}.Release|Any CPU.ActiveCfg = Release|Any CPU
		{2D8AEA05-37B2-3ED4-09BE-26A0B1FF4C5A}.Release|Any CPU.Build.0 = Release|Any CPU
	EndGlobalSection
	GlobalSection(SolutionProperties) = preSolution
		HideSolutionNode = FALSE
	EndGlobalSection
	GlobalSection(ExtensibilityGlobals) = postSolution
		SolutionGuid = {E43F86CC-6F1C-4D59-B23F-9CAEB2E97323}
	EndGlobalSection
EndGlobal
